
Microsoft Visual Studio Solution File, Format Version 12.00
# Visual Studio 15
VisualStudioVersion = 15.0.28307.1433
MinimumVisualStudioVersion = 10.0.40219.1
Project("{FAE04EC0-301F-11D3-BF4B-00C04F79EFBC}") = "B171210043_Soru2", "B171210043_Soru2\B171210043_Soru2.csproj", "{495FD87F-763A-4195-8A5C-790903CCCF6C}"
EndProject
Global
	GlobalSection(SolutionConfigurationPlatforms) = preSolution
		Debug|Any CPU = Debug|Any CPU
		Release|Any CPU = Release|Any CPU
	EndGlobalSection
	GlobalSection(ProjectConfigurationPlatforms) = postSolution
		{495FD87F-763A-4195-8A5C-790903CCCF6C}.Debug|Any CPU.ActiveCfg = Debug|Any CPU
		{495FD87F-763A-4195-8A5C-790903CCCF6C}.Debug|Any CPU.Build.0 = Debug|Any CPU
		{495FD87F-763A-4195-8A5C-790903CCCF6C}.Release|Any CPU.ActiveCfg = Release|Any CPU
		{495FD87F-763A-4195-8A5C-790903CCCF6C}.Release|Any CPU.Build.0 = Release|Any CPU
	EndGlobalSection
	GlobalSection(SolutionProperties) = preSolution
		HideSolutionNode = FALSE
	EndGlobalSection
	GlobalSection(ExtensibilityGlobals) = postSolution
		SolutionGuid = {91891661-F37A-46DC-9FDE-98339111BFBB}
	EndGlobalSection
EndGlobal
